
Microsoft Visual Studio Solution File, Format Version 12.00
# Visual Studio Version 16
VisualStudioVersion = 16.0.29519.87
MinimumVisualStudioVersion = 10.0.40219.1
Project("{FAE04EC0-301F-11D3-BF4B-00C04F79EFBC}") = "01_Entities", "01_Entities\01_Entities.csproj", "{170C29E7-4F35-4B7A-A260-7AAC0ACD4A55}"
EndProject
Project("{FAE04EC0-301F-11D3-BF4B-00C04F79EFBC}") = "02_DAL", "02_DAL\02_DAL.csproj", "{DBC1D20F-2A73-41DA-ACF3-DF3781E9B930}"
EndProject
Project("{FAE04EC0-301F-11D3-BF4B-00C04F79EFBC}") = "03_DTO", "03_DTO\03_DTO.csproj", "{0B3578D7-1A77-4F5B-A40B-2417C1385E2C}"
EndProject
Project("{FAE04EC0-301F-11D3-BF4B-00C04F79EFBC}") = "04_Business", "04_Business\04_Business.csproj", "{222A71D9-8333-494C-9D66-2E002D51ABAA}"
EndProject
Project("{FAE04EC0-301F-11D3-BF4B-00C04F79EFBC}") = "ApiMVC", "ApiMVC\ApiMVC.csproj", "{F5B47104-5CDA-4DDA-B92C-4BA43EC7BD05}"
EndProject
Project("{FAE04EC0-301F-11D3-BF4B-00C04F79EFBC}") = "Quantri", "Quantri\Quantri.csproj", "{BCD2A43B-D377-42BA-8D35-29981743461D}"
EndProject
Global
	GlobalSection(SolutionConfigurationPlatforms) = preSolution
		Debug|Any CPU = Debug|Any CPU
		Release|Any CPU = Release|Any CPU
	EndGlobalSection
	GlobalSection(ProjectConfigurationPlatforms) = postSolution
		{170C29E7-4F35-4B7A-A260-7AAC0ACD4A55}.Debug|Any CPU.ActiveCfg = Debug|Any CPU
		{170C29E7-4F35-4B7A-A260-7AAC0ACD4A55}.Debug|Any CPU.Build.0 = Debug|Any CPU
		{170C29E7-4F35-4B7A-A260-7AAC0ACD4A55}.Release|Any CPU.ActiveCfg = Release|Any CPU
		{170C29E7-4F35-4B7A-A260-7AAC0ACD4A55}.Release|Any CPU.Build.0 = Release|Any CPU
		{DBC1D20F-2A73-41DA-ACF3-DF3781E9B930}.Debug|Any CPU.ActiveCfg = Debug|Any CPU
		{DBC1D20F-2A73-41DA-ACF3-DF3781E9B930}.Debug|Any CPU.Build.0 = Debug|Any CPU
		{DBC1D20F-2A73-41DA-ACF3-DF3781E9B930}.Release|Any CPU.ActiveCfg = Release|Any CPU
		{DBC1D20F-2A73-41DA-ACF3-DF3781E9B930}.Release|Any CPU.Build.0 = Release|Any CPU
		{0B3578D7-1A77-4F5B-A40B-2417C1385E2C}.Debug|Any CPU.ActiveCfg = Debug|Any CPU
		{0B3578D7-1A77-4F5B-A40B-2417C1385E2C}.Debug|Any CPU.Build.0 = Debug|Any CPU
		{0B3578D7-1A77-4F5B-A40B-2417C1385E2C}.Release|Any CPU.ActiveCfg = Release|Any CPU
		{0B3578D7-1A77-4F5B-A40B-2417C1385E2C}.Release|Any CPU.Build.0 = Release|Any CPU
		{222A71D9-8333-494C-9D66-2E002D51ABAA}.Debug|Any CPU.ActiveCfg = Debug|Any CPU
		{222A71D9-8333-494C-9D66-2E002D51ABAA}.Debug|Any CPU.Build.0 = Debug|Any CPU
		{222A71D9-8333-494C-9D66-2E002D51ABAA}.Release|Any CPU.ActiveCfg = Release|Any CPU
		{222A71D9-8333-494C-9D66-2E002D51ABAA}.Release|Any CPU.Build.0 = Release|Any CPU
		{F5B47104-5CDA-4DDA-B92C-4BA43EC7BD05}.Debug|Any CPU.ActiveCfg = Debug|Any CPU
		{F5B47104-5CDA-4DDA-B92C-4BA43EC7BD05}.Debug|Any CPU.Build.0 = Debug|Any CPU
		{F5B47104-5CDA-4DDA-B92C-4BA43EC7BD05}.Release|Any CPU.ActiveCfg = Release|Any CPU
		{F5B47104-5CDA-4DDA-B92C-4BA43EC7BD05}.Release|Any CPU.Build.0 = Release|Any CPU
		{BCD2A43B-D377-42BA-8D35-29981743461D}.Debug|Any CPU.ActiveCfg = Debug|Any CPU
		{BCD2A43B-D377-42BA-8D35-29981743461D}.Debug|Any CPU.Build.0 = Debug|Any CPU
		{BCD2A43B-D377-42BA-8D35-29981743461D}.Release|Any CPU.ActiveCfg = Release|Any CPU
		{BCD2A43B-D377-42BA-8D35-29981743461D}.Release|Any CPU.Build.0 = Release|Any CPU
	EndGlobalSection
	GlobalSection(SolutionProperties) = preSolution
		HideSolutionNode = FALSE
	EndGlobalSection
	GlobalSection(ExtensibilityGlobals) = postSolution
		SolutionGuid = {4258899C-AC8A-4958-A9AC-1EB35EE3E6BC}
	EndGlobalSection
EndGlobal
